
Microsoft Visual Studio Solution File, Format Version 12.00
# Visual Studio 15
VisualStudioVersion = 15.0.27004.2005
MinimumVisualStudioVersion = 10.0.40219.1
Project("{FAE04EC0-301F-11D3-BF4B-00C04F79EFBC}") = "Graphics", "Graphics\Graphics.csproj", "{016D7A9D-C5D9-4D7F-A6E5-7753CC8832FE}"
EndProject
Project("{FAE04EC0-301F-11D3-BF4B-00C04F79EFBC}") = "GraphicsTest", "GraphicsTest\GraphicsTest.csproj", "{B1232132-96A3-402A-9FE3-06856466DCD4}"
EndProject
Project("{FAE04EC0-301F-11D3-BF4B-00C04F79EFBC}") = "MappingTool", "MappingTool\MappingTool.csproj", "{682A34E6-D265-4782-9DA1-2B03CA01F5A5}"
EndProject
Global
	GlobalSection(SolutionConfigurationPlatforms) = preSolution
		Debug|Any CPU = Debug|Any CPU
		Release|Any CPU = Release|Any CPU
	EndGlobalSection
	GlobalSection(ProjectConfigurationPlatforms) = postSolution
		{016D7A9D-C5D9-4D7F-A6E5-7753CC8832FE}.Debug|Any CPU.ActiveCfg = Debug|Any CPU
		{016D7A9D-C5D9-4D7F-A6E5-7753CC8832FE}.Debug|Any CPU.Build.0 = Debug|Any CPU
		{016D7A9D-C5D9-4D7F-A6E5-7753CC8832FE}.Release|Any CPU.ActiveCfg = Release|Any CPU
		{016D7A9D-C5D9-4D7F-A6E5-7753CC8832FE}.Release|Any CPU.Build.0 = Release|Any CPU
		{B1232132-96A3-402A-9FE3-06856466DCD4}.Debug|Any CPU.ActiveCfg = Debug|Any CPU
		{B1232132-96A3-402A-9FE3-06856466DCD4}.Debug|Any CPU.Build.0 = Debug|Any CPU
		{B1232132-96A3-402A-9FE3-06856466DCD4}.Release|Any CPU.ActiveCfg = Release|Any CPU
		{B1232132-96A3-402A-9FE3-06856466DCD4}.Release|Any CPU.Build.0 = Release|Any CPU
		{682A34E6-D265-4782-9DA1-2B03CA01F5A5}.Debug|Any CPU.ActiveCfg = Debug|Any CPU
		{682A34E6-D265-4782-9DA1-2B03CA01F5A5}.Debug|Any CPU.Build.0 = Debug|Any CPU
		{682A34E6-D265-4782-9DA1-2B03CA01F5A5}.Release|Any CPU.ActiveCfg = Release|Any CPU
		{682A34E6-D265-4782-9DA1-2B03CA01F5A5}.Release|Any CPU.Build.0 = Release|Any CPU
	EndGlobalSection
	GlobalSection(SolutionProperties) = preSolution
		HideSolutionNode = FALSE
	EndGlobalSection
	GlobalSection(ExtensibilityGlobals) = postSolution
		SolutionGuid = {BF53D8B5-EFE5-42FB-9535-4B485803FF24}
	EndGlobalSection
EndGlobal
