
Microsoft Visual Studio Solution File, Format Version 12.00
# Visual Studio Version 16
VisualStudioVersion = 16.0.29009.5
MinimumVisualStudioVersion = 10.0.40219.1
Project("{FAE04EC0-301F-11D3-BF4B-00C04F79EFBC}") = "SpiceEngine.Old", "SpiceEngine\SpiceEngine.Old.csproj", "{016D7A9D-C5D9-4D7F-A6E5-7753CC8832FE}"
EndProject
Project("{FAE04EC0-301F-11D3-BF4B-00C04F79EFBC}") = "SampleGameProject", "SampleGameProject\SampleGameProject.csproj", "{B1232132-96A3-402A-9FE3-06856466DCD4}"
EndProject
Project("{FAE04EC0-301F-11D3-BF4B-00C04F79EFBC}") = "SauceEditor", "SauceEditor\SauceEditor.csproj", "{682A34E6-D265-4782-9DA1-2B03CA01F5A5}"
	ProjectSection(ProjectDependencies) = postProject
		{277CCF06-76D9-45D3-BC92-25DCCA43E426} = {277CCF06-76D9-45D3-BC92-25DCCA43E426}
	EndProjectSection
EndProject
Project("{9A19103F-16F7-4668-BE54-9A1E7A4F7556}") = "SauceEditorCore", "SauceEditorCore\SauceEditorCore.csproj", "{277CCF06-76D9-45D3-BC92-25DCCA43E426}"
	ProjectSection(ProjectDependencies) = postProject
		{016D7A9D-C5D9-4D7F-A6E5-7753CC8832FE} = {016D7A9D-C5D9-4D7F-A6E5-7753CC8832FE}
	EndProjectSection
EndProject
Project("{9A19103F-16F7-4668-BE54-9A1E7A4F7556}") = "SpiceEngine.GLFWBindings", "SpiceEngine.GLFWBindings\SpiceEngine.GLFWBindings.csproj", "{132EA7F6-E711-4D33-84BE-754F21A73D79}"
EndProject
Project("{9A19103F-16F7-4668-BE54-9A1E7A4F7556}") = "GLWriter", "GLWriter\GLWriter.csproj", "{3306BA11-7517-4C11-943C-439A6778A2EA}"
EndProject
Project("{FAE04EC0-301F-11D3-BF4B-00C04F79EFBC}") = "CitrusAnimation", "CitrusAnimation\CitrusAnimation.csproj", "{59BBCDCE-C2FF-44D0-987F-07612F323440}"
EndProject
Project("{FAE04EC0-301F-11D3-BF4B-00C04F79EFBC}") = "SpiceEngine.Core", "SpiceEngine.Core\SpiceEngine.Core.csproj", "{5EFCF9FB-38A5-4C3B-88EE-629948617C0A}"
EndProject
Project("{FAE04EC0-301F-11D3-BF4B-00C04F79EFBC}") = "SmokyAudio", "SmokyAudio\SmokyAudio.csproj", "{D210CE01-6826-4298-A571-D7529D3290EE}"
EndProject
Project("{FAE04EC0-301F-11D3-BF4B-00C04F79EFBC}") = "SavoryPhysics", "SavoryPhysics\SavoryPhysics.csproj", "{D2A55933-4565-46DB-9AA5-6586300DAEFE}"
EndProject
Project("{FAE04EC0-301F-11D3-BF4B-00C04F79EFBC}") = "StarchUI", "StarchUI\StarchUI.csproj", "{45880225-9389-4554-9DBF-E7DA7F3FC24A}"
EndProject
Project("{FAE04EC0-301F-11D3-BF4B-00C04F79EFBC}") = "SweetGraphics", "SweetGraphics\SweetGraphics.csproj", "{E9F991E6-F059-44B1-8820-8014F7B44707}"
EndProject
Project("{FAE04EC0-301F-11D3-BF4B-00C04F79EFBC}") = "TangyHID", "TangyHID\TangyHID.csproj", "{8E38FB98-95F7-41A9-B75E-74790FE52A61}"
EndProject
Project("{FAE04EC0-301F-11D3-BF4B-00C04F79EFBC}") = "UmamiScripting", "UmamiScripting\UmamiScripting.csproj", "{473686D2-3D37-407F-ADF1-FB04AAE8F52C}"
EndProject
Project("{FAE04EC0-301F-11D3-BF4B-00C04F79EFBC}") = "SpiceEngine.Full", "SpiceEngine.Full\SpiceEngine.Full.csproj", "{10C085F1-06FF-46EA-B1FE-91931E37DF07}"
EndProject
Project("{FAE04EC0-301F-11D3-BF4B-00C04F79EFBC}") = "TowerWarfare", "TowerWarfare\TowerWarfare.csproj", "{4C091EE4-C6E9-44AA-9730-F3CE07A8B572}"
EndProject
Project("{2150E333-8FDC-42A3-9474-1A3956D46DE8}") = "Solution Items", "Solution Items", "{63FBC974-62AB-4337-B879-DDAB133B3EF4}"
	ProjectSection(SolutionItems) = preProject
		.editorconfig = .editorconfig
	EndProjectSection
EndProject
Global
	GlobalSection(SolutionConfigurationPlatforms) = preSolution
		Debug|Any CPU = Debug|Any CPU
		Debug|x64 = Debug|x64
		Debug|x86 = Debug|x86
		Release|Any CPU = Release|Any CPU
		Release|x64 = Release|x64
		Release|x86 = Release|x86
	EndGlobalSection
	GlobalSection(ProjectConfigurationPlatforms) = postSolution
		{016D7A9D-C5D9-4D7F-A6E5-7753CC8832FE}.Debug|Any CPU.ActiveCfg = Debug|Any CPU
		{016D7A9D-C5D9-4D7F-A6E5-7753CC8832FE}.Debug|Any CPU.Build.0 = Debug|Any CPU
		{016D7A9D-C5D9-4D7F-A6E5-7753CC8832FE}.Debug|x64.ActiveCfg = Debug|x64
		{016D7A9D-C5D9-4D7F-A6E5-7753CC8832FE}.Debug|x64.Build.0 = Debug|x64
		{016D7A9D-C5D9-4D7F-A6E5-7753CC8832FE}.Debug|x86.ActiveCfg = Debug|x86
		{016D7A9D-C5D9-4D7F-A6E5-7753CC8832FE}.Debug|x86.Build.0 = Debug|x86
		{016D7A9D-C5D9-4D7F-A6E5-7753CC8832FE}.Release|Any CPU.ActiveCfg = Release|Any CPU
		{016D7A9D-C5D9-4D7F-A6E5-7753CC8832FE}.Release|Any CPU.Build.0 = Release|Any CPU
		{016D7A9D-C5D9-4D7F-A6E5-7753CC8832FE}.Release|x64.ActiveCfg = Release|x64
		{016D7A9D-C5D9-4D7F-A6E5-7753CC8832FE}.Release|x64.Build.0 = Release|x64
		{016D7A9D-C5D9-4D7F-A6E5-7753CC8832FE}.Release|x86.ActiveCfg = Release|x86
		{016D7A9D-C5D9-4D7F-A6E5-7753CC8832FE}.Release|x86.Build.0 = Release|x86
		{B1232132-96A3-402A-9FE3-06856466DCD4}.Debug|Any CPU.ActiveCfg = Debug|Any CPU
		{B1232132-96A3-402A-9FE3-06856466DCD4}.Debug|Any CPU.Build.0 = Debug|Any CPU
		{B1232132-96A3-402A-9FE3-06856466DCD4}.Debug|x64.ActiveCfg = Debug|Any CPU
		{B1232132-96A3-402A-9FE3-06856466DCD4}.Debug|x64.Build.0 = Debug|Any CPU
		{B1232132-96A3-402A-9FE3-06856466DCD4}.Debug|x86.ActiveCfg = Debug|x86
		{B1232132-96A3-402A-9FE3-06856466DCD4}.Debug|x86.Build.0 = Debug|x86
		{B1232132-96A3-402A-9FE3-06856466DCD4}.Release|Any CPU.ActiveCfg = Release|Any CPU
		{B1232132-96A3-402A-9FE3-06856466DCD4}.Release|Any CPU.Build.0 = Release|Any CPU
		{B1232132-96A3-402A-9FE3-06856466DCD4}.Release|x64.ActiveCfg = Release|Any CPU
		{B1232132-96A3-402A-9FE3-06856466DCD4}.Release|x64.Build.0 = Release|Any CPU
		{B1232132-96A3-402A-9FE3-06856466DCD4}.Release|x86.ActiveCfg = Release|x86
		{B1232132-96A3-402A-9FE3-06856466DCD4}.Release|x86.Build.0 = Release|x86
		{682A34E6-D265-4782-9DA1-2B03CA01F5A5}.Debug|Any CPU.ActiveCfg = Debug|Any CPU
		{682A34E6-D265-4782-9DA1-2B03CA01F5A5}.Debug|Any CPU.Build.0 = Debug|Any CPU
		{682A34E6-D265-4782-9DA1-2B03CA01F5A5}.Debug|x64.ActiveCfg = Debug|Any CPU
		{682A34E6-D265-4782-9DA1-2B03CA01F5A5}.Debug|x64.Build.0 = Debug|Any CPU
		{682A34E6-D265-4782-9DA1-2B03CA01F5A5}.Debug|x86.ActiveCfg = Debug|x86
		{682A34E6-D265-4782-9DA1-2B03CA01F5A5}.Debug|x86.Build.0 = Debug|x86
		{682A34E6-D265-4782-9DA1-2B03CA01F5A5}.Release|Any CPU.ActiveCfg = Release|Any CPU
		{682A34E6-D265-4782-9DA1-2B03CA01F5A5}.Release|Any CPU.Build.0 = Release|Any CPU
		{682A34E6-D265-4782-9DA1-2B03CA01F5A5}.Release|x64.ActiveCfg = Release|Any CPU
		{682A34E6-D265-4782-9DA1-2B03CA01F5A5}.Release|x64.Build.0 = Release|Any CPU
		{682A34E6-D265-4782-9DA1-2B03CA01F5A5}.Release|x86.ActiveCfg = Release|x86
		{682A34E6-D265-4782-9DA1-2B03CA01F5A5}.Release|x86.Build.0 = Release|x86
		{277CCF06-76D9-45D3-BC92-25DCCA43E426}.Debug|Any CPU.ActiveCfg = Debug|Any CPU
		{277CCF06-76D9-45D3-BC92-25DCCA43E426}.Debug|Any CPU.Build.0 = Debug|Any CPU
		{277CCF06-76D9-45D3-BC92-25DCCA43E426}.Debug|x64.ActiveCfg = Debug|Any CPU
		{277CCF06-76D9-45D3-BC92-25DCCA43E426}.Debug|x64.Build.0 = Debug|Any CPU
		{277CCF06-76D9-45D3-BC92-25DCCA43E426}.Debug|x86.ActiveCfg = Debug|Any CPU
		{277CCF06-76D9-45D3-BC92-25DCCA43E426}.Debug|x86.Build.0 = Debug|Any CPU
		{277CCF06-76D9-45D3-BC92-25DCCA43E426}.Release|Any CPU.ActiveCfg = Release|Any CPU
		{277CCF06-76D9-45D3-BC92-25DCCA43E426}.Release|Any CPU.Build.0 = Release|Any CPU
		{277CCF06-76D9-45D3-BC92-25DCCA43E426}.Release|x64.ActiveCfg = Release|Any CPU
		{277CCF06-76D9-45D3-BC92-25DCCA43E426}.Release|x64.Build.0 = Release|Any CPU
		{277CCF06-76D9-45D3-BC92-25DCCA43E426}.Release|x86.ActiveCfg = Release|Any CPU
		{277CCF06-76D9-45D3-BC92-25DCCA43E426}.Release|x86.Build.0 = Release|Any CPU
		{132EA7F6-E711-4D33-84BE-754F21A73D79}.Debug|Any CPU.ActiveCfg = Debug|Any CPU
		{132EA7F6-E711-4D33-84BE-754F21A73D79}.Debug|Any CPU.Build.0 = Debug|Any CPU
		{132EA7F6-E711-4D33-84BE-754F21A73D79}.Debug|x64.ActiveCfg = Debug|Any CPU
		{132EA7F6-E711-4D33-84BE-754F21A73D79}.Debug|x64.Build.0 = Debug|Any CPU
		{132EA7F6-E711-4D33-84BE-754F21A73D79}.Debug|x86.ActiveCfg = Debug|Any CPU
		{132EA7F6-E711-4D33-84BE-754F21A73D79}.Debug|x86.Build.0 = Debug|Any CPU
		{132EA7F6-E711-4D33-84BE-754F21A73D79}.Release|Any CPU.ActiveCfg = Release|Any CPU
		{132EA7F6-E711-4D33-84BE-754F21A73D79}.Release|Any CPU.Build.0 = Release|Any CPU
		{132EA7F6-E711-4D33-84BE-754F21A73D79}.Release|x64.ActiveCfg = Release|Any CPU
		{132EA7F6-E711-4D33-84BE-754F21A73D79}.Release|x64.Build.0 = Release|Any CPU
		{132EA7F6-E711-4D33-84BE-754F21A73D79}.Release|x86.ActiveCfg = Release|Any CPU
		{132EA7F6-E711-4D33-84BE-754F21A73D79}.Release|x86.Build.0 = Release|Any CPU
		{3306BA11-7517-4C11-943C-439A6778A2EA}.Debug|Any CPU.ActiveCfg = Debug|Any CPU
		{3306BA11-7517-4C11-943C-439A6778A2EA}.Debug|Any CPU.Build.0 = Debug|Any CPU
		{3306BA11-7517-4C11-943C-439A6778A2EA}.Debug|x64.ActiveCfg = Debug|Any CPU
		{3306BA11-7517-4C11-943C-439A6778A2EA}.Debug|x64.Build.0 = Debug|Any CPU
		{3306BA11-7517-4C11-943C-439A6778A2EA}.Debug|x86.ActiveCfg = Debug|Any CPU
		{3306BA11-7517-4C11-943C-439A6778A2EA}.Debug|x86.Build.0 = Debug|Any CPU
		{3306BA11-7517-4C11-943C-439A6778A2EA}.Release|Any CPU.ActiveCfg = Release|Any CPU
		{3306BA11-7517-4C11-943C-439A6778A2EA}.Release|Any CPU.Build.0 = Release|Any CPU
		{3306BA11-7517-4C11-943C-439A6778A2EA}.Release|x64.ActiveCfg = Release|Any CPU
		{3306BA11-7517-4C11-943C-439A6778A2EA}.Release|x64.Build.0 = Release|Any CPU
		{3306BA11-7517-4C11-943C-439A6778A2EA}.Release|x86.ActiveCfg = Release|Any CPU
		{3306BA11-7517-4C11-943C-439A6778A2EA}.Release|x86.Build.0 = Release|Any CPU
		{59BBCDCE-C2FF-44D0-987F-07612F323440}.Debug|Any CPU.ActiveCfg = Debug|Any CPU
		{59BBCDCE-C2FF-44D0-987F-07612F323440}.Debug|Any CPU.Build.0 = Debug|Any CPU
		{59BBCDCE-C2FF-44D0-987F-07612F323440}.Debug|x64.ActiveCfg = Debug|Any CPU
		{59BBCDCE-C2FF-44D0-987F-07612F323440}.Debug|x64.Build.0 = Debug|Any CPU
		{59BBCDCE-C2FF-44D0-987F-07612F323440}.Debug|x86.ActiveCfg = Debug|Any CPU
		{59BBCDCE-C2FF-44D0-987F-07612F323440}.Debug|x86.Build.0 = Debug|Any CPU
		{59BBCDCE-C2FF-44D0-987F-07612F323440}.Release|Any CPU.ActiveCfg = Release|Any CPU
		{59BBCDCE-C2FF-44D0-987F-07612F323440}.Release|Any CPU.Build.0 = Release|Any CPU
		{59BBCDCE-C2FF-44D0-987F-07612F323440}.Release|x64.ActiveCfg = Release|Any CPU
		{59BBCDCE-C2FF-44D0-987F-07612F323440}.Release|x64.Build.0 = Release|Any CPU
		{59BBCDCE-C2FF-44D0-987F-07612F323440}.Release|x86.ActiveCfg = Release|Any CPU
		{59BBCDCE-C2FF-44D0-987F-07612F323440}.Release|x86.Build.0 = Release|Any CPU
		{5EFCF9FB-38A5-4C3B-88EE-629948617C0A}.Debug|Any CPU.ActiveCfg = Debug|Any CPU
		{5EFCF9FB-38A5-4C3B-88EE-629948617C0A}.Debug|Any CPU.Build.0 = Debug|Any CPU
		{5EFCF9FB-38A5-4C3B-88EE-629948617C0A}.Debug|x64.ActiveCfg = Debug|Any CPU
		{5EFCF9FB-38A5-4C3B-88EE-629948617C0A}.Debug|x64.Build.0 = Debug|Any CPU
		{5EFCF9FB-38A5-4C3B-88EE-629948617C0A}.Debug|x86.ActiveCfg = Debug|Any CPU
		{5EFCF9FB-38A5-4C3B-88EE-629948617C0A}.Debug|x86.Build.0 = Debug|Any CPU
		{5EFCF9FB-38A5-4C3B-88EE-629948617C0A}.Release|Any CPU.ActiveCfg = Release|Any CPU
		{5EFCF9FB-38A5-4C3B-88EE-629948617C0A}.Release|Any CPU.Build.0 = Release|Any CPU
		{5EFCF9FB-38A5-4C3B-88EE-629948617C0A}.Release|x64.ActiveCfg = Release|Any CPU
		{5EFCF9FB-38A5-4C3B-88EE-629948617C0A}.Release|x64.Build.0 = Release|Any CPU
		{5EFCF9FB-38A5-4C3B-88EE-629948617C0A}.Release|x86.ActiveCfg = Release|Any CPU
		{5EFCF9FB-38A5-4C3B-88EE-629948617C0A}.Release|x86.Build.0 = Release|Any CPU
		{D210CE01-6826-4298-A571-D7529D3290EE}.Debug|Any CPU.ActiveCfg = Debug|Any CPU
		{D210CE01-6826-4298-A571-D7529D3290EE}.Debug|Any CPU.Build.0 = Debug|Any CPU
		{D210CE01-6826-4298-A571-D7529D3290EE}.Debug|x64.ActiveCfg = Debug|Any CPU
		{D210CE01-6826-4298-A571-D7529D3290EE}.Debug|x64.Build.0 = Debug|Any CPU
		{D210CE01-6826-4298-A571-D7529D3290EE}.Debug|x86.ActiveCfg = Debug|Any CPU
		{D210CE01-6826-4298-A571-D7529D3290EE}.Debug|x86.Build.0 = Debug|Any CPU
		{D210CE01-6826-4298-A571-D7529D3290EE}.Release|Any CPU.ActiveCfg = Release|Any CPU
		{D210CE01-6826-4298-A571-D7529D3290EE}.Release|Any CPU.Build.0 = Release|Any CPU
		{D210CE01-6826-4298-A571-D7529D3290EE}.Release|x64.ActiveCfg = Release|Any CPU
		{D210CE01-6826-4298-A571-D7529D3290EE}.Release|x64.Build.0 = Release|Any CPU
		{D210CE01-6826-4298-A571-D7529D3290EE}.Release|x86.ActiveCfg = Release|Any CPU
		{D210CE01-6826-4298-A571-D7529D3290EE}.Release|x86.Build.0 = Release|Any CPU
		{D2A55933-4565-46DB-9AA5-6586300DAEFE}.Debug|Any CPU.ActiveCfg = Debug|Any CPU
		{D2A55933-4565-46DB-9AA5-6586300DAEFE}.Debug|Any CPU.Build.0 = Debug|Any CPU
		{D2A55933-4565-46DB-9AA5-6586300DAEFE}.Debug|x64.ActiveCfg = Debug|Any CPU
		{D2A55933-4565-46DB-9AA5-6586300DAEFE}.Debug|x64.Build.0 = Debug|Any CPU
		{D2A55933-4565-46DB-9AA5-6586300DAEFE}.Debug|x86.ActiveCfg = Debug|Any CPU
		{D2A55933-4565-46DB-9AA5-6586300DAEFE}.Debug|x86.Build.0 = Debug|Any CPU
		{D2A55933-4565-46DB-9AA5-6586300DAEFE}.Release|Any CPU.ActiveCfg = Release|Any CPU
		{D2A55933-4565-46DB-9AA5-6586300DAEFE}.Release|Any CPU.Build.0 = Release|Any CPU
		{D2A55933-4565-46DB-9AA5-6586300DAEFE}.Release|x64.ActiveCfg = Release|Any CPU
		{D2A55933-4565-46DB-9AA5-6586300DAEFE}.Release|x64.Build.0 = Release|Any CPU
		{D2A55933-4565-46DB-9AA5-6586300DAEFE}.Release|x86.ActiveCfg = Release|Any CPU
		{D2A55933-4565-46DB-9AA5-6586300DAEFE}.Release|x86.Build.0 = Release|Any CPU
		{45880225-9389-4554-9DBF-E7DA7F3FC24A}.Debug|Any CPU.ActiveCfg = Debug|Any CPU
		{45880225-9389-4554-9DBF-E7DA7F3FC24A}.Debug|Any CPU.Build.0 = Debug|Any CPU
		{45880225-9389-4554-9DBF-E7DA7F3FC24A}.Debug|x64.ActiveCfg = Debug|Any CPU
		{45880225-9389-4554-9DBF-E7DA7F3FC24A}.Debug|x64.Build.0 = Debug|Any CPU
		{45880225-9389-4554-9DBF-E7DA7F3FC24A}.Debug|x86.ActiveCfg = Debug|Any CPU
		{45880225-9389-4554-9DBF-E7DA7F3FC24A}.Debug|x86.Build.0 = Debug|Any CPU
		{45880225-9389-4554-9DBF-E7DA7F3FC24A}.Release|Any CPU.ActiveCfg = Release|Any CPU
		{45880225-9389-4554-9DBF-E7DA7F3FC24A}.Release|Any CPU.Build.0 = Release|Any CPU
		{45880225-9389-4554-9DBF-E7DA7F3FC24A}.Release|x64.ActiveCfg = Release|Any CPU
		{45880225-9389-4554-9DBF-E7DA7F3FC24A}.Release|x64.Build.0 = Release|Any CPU
		{45880225-9389-4554-9DBF-E7DA7F3FC24A}.Release|x86.ActiveCfg = Release|Any CPU
		{45880225-9389-4554-9DBF-E7DA7F3FC24A}.Release|x86.Build.0 = Release|Any CPU
		{E9F991E6-F059-44B1-8820-8014F7B44707}.Debug|Any CPU.ActiveCfg = Debug|Any CPU
		{E9F991E6-F059-44B1-8820-8014F7B44707}.Debug|Any CPU.Build.0 = Debug|Any CPU
		{E9F991E6-F059-44B1-8820-8014F7B44707}.Debug|x64.ActiveCfg = Debug|Any CPU
		{E9F991E6-F059-44B1-8820-8014F7B44707}.Debug|x64.Build.0 = Debug|Any CPU
		{E9F991E6-F059-44B1-8820-8014F7B44707}.Debug|x86.ActiveCfg = Debug|Any CPU
		{E9F991E6-F059-44B1-8820-8014F7B44707}.Debug|x86.Build.0 = Debug|Any CPU
		{E9F991E6-F059-44B1-8820-8014F7B44707}.Release|Any CPU.ActiveCfg = Release|Any CPU
		{E9F991E6-F059-44B1-8820-8014F7B44707}.Release|Any CPU.Build.0 = Release|Any CPU
		{E9F991E6-F059-44B1-8820-8014F7B44707}.Release|x64.ActiveCfg = Release|Any CPU
		{E9F991E6-F059-44B1-8820-8014F7B44707}.Release|x64.Build.0 = Release|Any CPU
		{E9F991E6-F059-44B1-8820-8014F7B44707}.Release|x86.ActiveCfg = Release|Any CPU
		{E9F991E6-F059-44B1-8820-8014F7B44707}.Release|x86.Build.0 = Release|Any CPU
		{8E38FB98-95F7-41A9-B75E-74790FE52A61}.Debug|Any CPU.ActiveCfg = Debug|Any CPU
		{8E38FB98-95F7-41A9-B75E-74790FE52A61}.Debug|Any CPU.Build.0 = Debug|Any CPU
		{8E38FB98-95F7-41A9-B75E-74790FE52A61}.Debug|x64.ActiveCfg = Debug|Any CPU
		{8E38FB98-95F7-41A9-B75E-74790FE52A61}.Debug|x64.Build.0 = Debug|Any CPU
		{8E38FB98-95F7-41A9-B75E-74790FE52A61}.Debug|x86.ActiveCfg = Debug|Any CPU
		{8E38FB98-95F7-41A9-B75E-74790FE52A61}.Debug|x86.Build.0 = Debug|Any CPU
		{8E38FB98-95F7-41A9-B75E-74790FE52A61}.Release|Any CPU.ActiveCfg = Release|Any CPU
		{8E38FB98-95F7-41A9-B75E-74790FE52A61}.Release|Any CPU.Build.0 = Release|Any CPU
		{8E38FB98-95F7-41A9-B75E-74790FE52A61}.Release|x64.ActiveCfg = Release|Any CPU
		{8E38FB98-95F7-41A9-B75E-74790FE52A61}.Release|x64.Build.0 = Release|Any CPU
		{8E38FB98-95F7-41A9-B75E-74790FE52A61}.Release|x86.ActiveCfg = Release|Any CPU
		{8E38FB98-95F7-41A9-B75E-74790FE52A61}.Release|x86.Build.0 = Release|Any CPU
		{473686D2-3D37-407F-ADF1-FB04AAE8F52C}.Debug|Any CPU.ActiveCfg = Debug|Any CPU
		{473686D2-3D37-407F-ADF1-FB04AAE8F52C}.Debug|Any CPU.Build.0 = Debug|Any CPU
		{473686D2-3D37-407F-ADF1-FB04AAE8F52C}.Debug|x64.ActiveCfg = Debug|Any CPU
		{473686D2-3D37-407F-ADF1-FB04AAE8F52C}.Debug|x64.Build.0 = Debug|Any CPU
		{473686D2-3D37-407F-ADF1-FB04AAE8F52C}.Debug|x86.ActiveCfg = Debug|Any CPU
		{473686D2-3D37-407F-ADF1-FB04AAE8F52C}.Debug|x86.Build.0 = Debug|Any CPU
		{473686D2-3D37-407F-ADF1-FB04AAE8F52C}.Release|Any CPU.ActiveCfg = Release|Any CPU
		{473686D2-3D37-407F-ADF1-FB04AAE8F52C}.Release|Any CPU.Build.0 = Release|Any CPU
		{473686D2-3D37-407F-ADF1-FB04AAE8F52C}.Release|x64.ActiveCfg = Release|Any CPU
		{473686D2-3D37-407F-ADF1-FB04AAE8F52C}.Release|x64.Build.0 = Release|Any CPU
		{473686D2-3D37-407F-ADF1-FB04AAE8F52C}.Release|x86.ActiveCfg = Release|Any CPU
		{473686D2-3D37-407F-ADF1-FB04AAE8F52C}.Release|x86.Build.0 = Release|Any CPU
		{10C085F1-06FF-46EA-B1FE-91931E37DF07}.Debug|Any CPU.ActiveCfg = Debug|Any CPU
		{10C085F1-06FF-46EA-B1FE-91931E37DF07}.Debug|Any CPU.Build.0 = Debug|Any CPU
		{10C085F1-06FF-46EA-B1FE-91931E37DF07}.Debug|x64.ActiveCfg = Debug|Any CPU
		{10C085F1-06FF-46EA-B1FE-91931E37DF07}.Debug|x64.Build.0 = Debug|Any CPU
		{10C085F1-06FF-46EA-B1FE-91931E37DF07}.Debug|x86.ActiveCfg = Debug|Any CPU
		{10C085F1-06FF-46EA-B1FE-91931E37DF07}.Debug|x86.Build.0 = Debug|Any CPU
		{10C085F1-06FF-46EA-B1FE-91931E37DF07}.Release|Any CPU.ActiveCfg = Release|Any CPU
		{10C085F1-06FF-46EA-B1FE-91931E37DF07}.Release|Any CPU.Build.0 = Release|Any CPU
		{10C085F1-06FF-46EA-B1FE-91931E37DF07}.Release|x64.ActiveCfg = Release|Any CPU
		{10C085F1-06FF-46EA-B1FE-91931E37DF07}.Release|x64.Build.0 = Release|Any CPU
		{10C085F1-06FF-46EA-B1FE-91931E37DF07}.Release|x86.ActiveCfg = Release|Any CPU
		{10C085F1-06FF-46EA-B1FE-91931E37DF07}.Release|x86.Build.0 = Release|Any CPU
		{4C091EE4-C6E9-44AA-9730-F3CE07A8B572}.Debug|Any CPU.ActiveCfg = Debug|Any CPU
		{4C091EE4-C6E9-44AA-9730-F3CE07A8B572}.Debug|Any CPU.Build.0 = Debug|Any CPU
		{4C091EE4-C6E9-44AA-9730-F3CE07A8B572}.Debug|x64.ActiveCfg = Debug|Any CPU
		{4C091EE4-C6E9-44AA-9730-F3CE07A8B572}.Debug|x64.Build.0 = Debug|Any CPU
		{4C091EE4-C6E9-44AA-9730-F3CE07A8B572}.Debug|x86.ActiveCfg = Debug|Any CPU
		{4C091EE4-C6E9-44AA-9730-F3CE07A8B572}.Debug|x86.Build.0 = Debug|Any CPU
		{4C091EE4-C6E9-44AA-9730-F3CE07A8B572}.Release|Any CPU.ActiveCfg = Release|Any CPU
		{4C091EE4-C6E9-44AA-9730-F3CE07A8B572}.Release|Any CPU.Build.0 = Release|Any CPU
		{4C091EE4-C6E9-44AA-9730-F3CE07A8B572}.Release|x64.ActiveCfg = Release|Any CPU
		{4C091EE4-C6E9-44AA-9730-F3CE07A8B572}.Release|x64.Build.0 = Release|Any CPU
		{4C091EE4-C6E9-44AA-9730-F3CE07A8B572}.Release|x86.ActiveCfg = Release|Any CPU
		{4C091EE4-C6E9-44AA-9730-F3CE07A8B572}.Release|x86.Build.0 = Release|Any CPU
	EndGlobalSection
	GlobalSection(SolutionProperties) = preSolution
		HideSolutionNode = FALSE
	EndGlobalSection
	GlobalSection(ExtensibilityGlobals) = postSolution
		SolutionGuid = {BF53D8B5-EFE5-42FB-9535-4B485803FF24}
	EndGlobalSection
EndGlobal
